
Microsoft Visual Studio Solution File, Format Version 12.00
# Visual Studio Version 16
VisualStudioVersion = 16.0.31702.278
MinimumVisualStudioVersion = 10.0.40219.1
Project("{FAE04EC0-301F-11D3-BF4B-00C04F79EFBC}") = "FindHCFandLCM", "FindHCFandLCM\FindHCFandLCM.csproj", "{3915177B-4611-43B9-9B17-116E17479ECD}"
EndProject
Global
	GlobalSection(SolutionConfigurationPlatforms) = preSolution
		Debug|Any CPU = Debug|Any CPU
		Release|Any CPU = Release|Any CPU
	EndGlobalSection
	GlobalSection(ProjectConfigurationPlatforms) = postSolution
		{3915177B-4611-43B9-9B17-116E17479ECD}.Debug|Any CPU.ActiveCfg = Debug|Any CPU
		{3915177B-4611-43B9-9B17-116E17479ECD}.Debug|Any CPU.Build.0 = Debug|Any CPU
		{3915177B-4611-43B9-9B17-116E17479ECD}.Release|Any CPU.ActiveCfg = Release|Any CPU
		{3915177B-4611-43B9-9B17-116E17479ECD}.Release|Any CPU.Build.0 = Release|Any CPU
	EndGlobalSection
	GlobalSection(SolutionProperties) = preSolution
		HideSolutionNode = FALSE
	EndGlobalSection
	GlobalSection(ExtensibilityGlobals) = postSolution
		SolutionGuid = {F2CDC3E7-BBA6-4E22-A68E-7E0C6CDDA54C}
	EndGlobalSection
EndGlobal
